<?xml version="1.0" encoding="UTF-8" standalone="yes" ?>
<CodeBlocks_project_file>
	<FileVersion major="1" minor="6" />
	<Project>
		<Option title="pGroupeA01" />
		<Option pch_mode="2" />
		<Option compiler="gcc" />
		<Build>
			<Target title="Debug">
				<Option output="bin/Debug/pGroupeA01" prefix_auto="1" extension_auto="1" />
				<Option object_output="obj/Debug/" />
				<Option type="1" />
				<Option compiler="gcc" />
				<Compiler>
					<Add option="-g" />
					<Add directory="include" />
				</Compiler>
			</Target>
			<Target title="Release">
				<Option output="bin/Release/pGroupeA01" prefix_auto="1" extension_auto="1" />
				<Option object_output="obj/Release/" />
				<Option type="1" />
				<Option compiler="gcc" />
				<Compiler>
					<Add option="-O2" />
					<Add directory="include" />
				</Compiler>
				<Linker>
					<Add option="-s" />
				</Linker>
			</Target>
		</Build>
		<Compiler>
			<Add option="-Wall" />
			<Add option="-fexceptions" />
		</Compiler>
		<Linker>
			<Add library="sfml-graphics" />
			<Add library="sfml-system" />
			<Add library="sfml-window" />
			<Add library="sfml-audio" />
		</Linker>
		<Unit filename="include/model/Character.h" />
		<Unit filename="include/model/MainHero.h" />
		<Unit filename="include/model/Monster.h" />
		<Unit filename="include/model/Observable.h" />
		<Unit filename="include/model/Observer.h" />
		<Unit filename="include/model/Room.h" />
		<Unit filename="include/model/Skeleton.h" />
		<Unit filename="include/model/SlimeLong.h" />
		<Unit filename="include/model/SlimeRound.h" />
		<Unit filename="include/view/AboutStateView.h" />
		<Unit filename="include/view/BasicRoomView.h" />
		<Unit filename="include/view/DeadView.h" />
		<Unit filename="include/view/Entity.h" />
		<Unit filename="include/view/EnumState.h" />
		<Unit filename="include/view/GameManagerView.h" />
		<Unit filename="include/view/LifeBarView.h" />
		<Unit filename="include/view/MainHeroView.h" />
		<Unit filename="include/view/MenuStateView.h" />
		<Unit filename="include/view/MonsterEntity.h" />
		<Unit filename="include/view/OptionStateView.h" />
		<Unit filename="include/view/PauseView.h" />
		<Unit filename="include/view/PlayStateView.h" />
		<Unit filename="include/view/SkeletonView.h" />
		<Unit filename="include/view/SlimeLongView.h" />
		<Unit filename="include/view/SlimeRoundView.h" />
		<Unit filename="include/view/StateView.h" />
		<Unit filename="include/view/TileMap.h" />
		<Unit filename="main.cpp" />
		<Unit filename="src/model/Character.cpp" />
		<Unit filename="src/model/MainHero.cpp" />
		<Unit filename="src/model/Monster.cpp" />
		<Unit filename="src/model/Observable.cpp" />
		<Unit filename="src/model/Observer.cpp" />
		<Unit filename="src/model/Room.cpp" />
		<Unit filename="src/model/Skeleton.cpp" />
		<Unit filename="src/model/SlimeLong.cpp" />
		<Unit filename="src/model/SlimeRound.cpp" />
		<Unit filename="src/view/AboutStateView.cpp" />
		<Unit filename="src/view/BasicRoomView.cpp" />
		<Unit filename="src/view/DeadView.cpp" />
		<Unit filename="src/view/Entity.cpp" />
		<Unit filename="src/view/EnumState.cpp" />
		<Unit filename="src/view/GameManagerView.cpp" />
		<Unit filename="src/view/LifeBarView.cpp" />
		<Unit filename="src/view/MainHeroView.cpp" />
		<Unit filename="src/view/MenuStateView.cpp" />
		<Unit filename="src/view/MonsterEntity.cpp" />
		<Unit filename="src/view/OptionStateView.cpp" />
		<Unit filename="src/view/PauseView.cpp" />
		<Unit filename="src/view/PlayStateView.cpp" />
		<Unit filename="src/view/SkeletonView.cpp" />
		<Unit filename="src/view/SlimeLongView.cpp" />
		<Unit filename="src/view/SlimeRoundView.cpp" />
		<Unit filename="src/view/StateView.cpp" />
		<Unit filename="src/view/TileMap.cpp" />
		<Extensions />
	</Project>
</CodeBlocks_project_file>
